
Microsoft Visual Studio Solution File, Format Version 12.00
# Visual Studio Version 17
VisualStudioVersion = 17.3.32825.248
MinimumVisualStudioVersion = 10.0.40219.1
Project("{FAE04EC0-301F-11D3-BF4B-00C04F79EFBC}") = "MyYouGile", "MyYouGile\MyYouGile.csproj", "{9DC7DFC3-5701-4EBD-B4A7-59C1B05A5EBE}"
EndProject
Project("{FAE04EC0-301F-11D3-BF4B-00C04F79EFBC}") = "MyYouGileTest", "MyYouGileTest\MyYouGileTest.csproj", "{5FBFF391-57C9-4460-92B6-5E34E4B36E00}"
EndProject
Global
	GlobalSection(SolutionConfigurationPlatforms) = preSolution
		Debug|Any CPU = Debug|Any CPU
		Release|Any CPU = Release|Any CPU
	EndGlobalSection
	GlobalSection(ProjectConfigurationPlatforms) = postSolution
		{9DC7DFC3-5701-4EBD-B4A7-59C1B05A5EBE}.Debug|Any CPU.ActiveCfg = Debug|Any CPU
		{9DC7DFC3-5701-4EBD-B4A7-59C1B05A5EBE}.Debug|Any CPU.Build.0 = Debug|Any CPU
		{9DC7DFC3-5701-4EBD-B4A7-59C1B05A5EBE}.Release|Any CPU.ActiveCfg = Release|Any CPU
		{9DC7DFC3-5701-4EBD-B4A7-59C1B05A5EBE}.Release|Any CPU.Build.0 = Release|Any CPU
		{5FBFF391-57C9-4460-92B6-5E34E4B36E00}.Debug|Any CPU.ActiveCfg = Debug|Any CPU
		{5FBFF391-57C9-4460-92B6-5E34E4B36E00}.Debug|Any CPU.Build.0 = Debug|Any CPU
		{5FBFF391-57C9-4460-92B6-5E34E4B36E00}.Release|Any CPU.ActiveCfg = Release|Any CPU
		{5FBFF391-57C9-4460-92B6-5E34E4B36E00}.Release|Any CPU.Build.0 = Release|Any CPU
	EndGlobalSection
	GlobalSection(SolutionProperties) = preSolution
		HideSolutionNode = FALSE
	EndGlobalSection
	GlobalSection(ExtensibilityGlobals) = postSolution
		SolutionGuid = {702AF6DF-5424-4E93-842E-958831EE52B4}
	EndGlobalSection
EndGlobal
